// !$*UTF8*$!
{
	archiveVersion = 1;
	classes = {
	};
	objectVersion = 56;
	objects = {

/* Begin PBXBuildFile section */
		C577F5692C20347A0074C587 /* AppDelegate.swift in Sources */ = {isa = PBXBuildFile; fileRef = C577F5682C20347A0074C587 /* AppDelegate.swift */; };
		C577F56B2C20347A0074C587 /* SceneDelegate.swift in Sources */ = {isa = PBXBuildFile; fileRef = C577F56A2C20347A0074C587 /* SceneDelegate.swift */; };
		C577F56D2C20347A0074C587 /* HomeViewController.swift in Sources */ = {isa = PBXBuildFile; fileRef = C577F56C2C20347A0074C587 /* HomeViewController.swift */; };
		C577F5722C20347C0074C587 /* Assets.xcassets in Resources */ = {isa = PBXBuildFile; fileRef = C577F5712C20347C0074C587 /* Assets.xcassets */; };
		C577F5752C20347C0074C587 /* LaunchScreen.storyboard in Resources */ = {isa = PBXBuildFile; fileRef = C577F5732C20347C0074C587 /* LaunchScreen.storyboard */; };
		C577F57E2C203F670074C587 /* Constants.swift in Sources */ = {isa = PBXBuildFile; fileRef = C577F57D2C203F670074C587 /* Constants.swift */; };
		C577F5822C2042EB0074C587 /* LoginViewController.swift in Sources */ = {isa = PBXBuildFile; fileRef = C577F5812C2042EB0074C587 /* LoginViewController.swift */; };
		C577F5842C2051CC0074C587 /* SearchViewController.swift in Sources */ = {isa = PBXBuildFile; fileRef = C577F5832C2051CC0074C587 /* SearchViewController.swift */; };
		C577F5862C2051E70074C587 /* AccountViewController.swift in Sources */ = {isa = PBXBuildFile; fileRef = C577F5852C2051E70074C587 /* AccountViewController.swift */; };
		C577F5892C2053EF0074C587 /* TabBarController.swift in Sources */ = {isa = PBXBuildFile; fileRef = C577F5882C2053EF0074C587 /* TabBarController.swift */; };
		C577F5982C205A9D0074C587 /* Roboto-Medium.ttf in Resources */ = {isa = PBXBuildFile; fileRef = C577F58B2C205A9D0074C587 /* Roboto-Medium.ttf */; };
		C577F5992C205A9D0074C587 /* Roboto-Light.ttf in Resources */ = {isa = PBXBuildFile; fileRef = C577F58C2C205A9D0074C587 /* Roboto-Light.ttf */; };
		C577F59A2C205A9D0074C587 /* Roboto-Regular.ttf in Resources */ = {isa = PBXBuildFile; fileRef = C577F58D2C205A9D0074C587 /* Roboto-Regular.ttf */; };
		C577F59B2C205A9D0074C587 /* Roboto-MediumItalic.ttf in Resources */ = {isa = PBXBuildFile; fileRef = C577F58E2C205A9D0074C587 /* Roboto-MediumItalic.ttf */; };
		C577F59C2C205A9D0074C587 /* Roboto-ThinItalic.ttf in Resources */ = {isa = PBXBuildFile; fileRef = C577F58F2C205A9D0074C587 /* Roboto-ThinItalic.ttf */; };
		C577F59D2C205A9D0074C587 /* Roboto-BoldItalic.ttf in Resources */ = {isa = PBXBuildFile; fileRef = C577F5902C205A9D0074C587 /* Roboto-BoldItalic.ttf */; };
		C577F59E2C205A9D0074C587 /* Roboto-LightItalic.ttf in Resources */ = {isa = PBXBuildFile; fileRef = C577F5912C205A9D0074C587 /* Roboto-LightItalic.ttf */; };
		C577F59F2C205A9D0074C587 /* Roboto-Italic.ttf in Resources */ = {isa = PBXBuildFile; fileRef = C577F5922C205A9D0074C587 /* Roboto-Italic.ttf */; };
		C577F5A02C205A9D0074C587 /* LICENSE.txt in Resources */ = {isa = PBXBuildFile; fileRef = C577F5932C205A9D0074C587 /* LICENSE.txt */; };
		C577F5A12C205A9D0074C587 /* Roboto-BlackItalic.ttf in Resources */ = {isa = PBXBuildFile; fileRef = C577F5942C205A9D0074C587 /* Roboto-BlackItalic.ttf */; };
		C577F5A22C205A9D0074C587 /* Roboto-Bold.ttf in Resources */ = {isa = PBXBuildFile; fileRef = C577F5952C205A9D0074C587 /* Roboto-Bold.ttf */; };
		C577F5A32C205A9D0074C587 /* Roboto-Thin.ttf in Resources */ = {isa = PBXBuildFile; fileRef = C577F5962C205A9D0074C587 /* Roboto-Thin.ttf */; };
		C577F5A42C205A9D0074C587 /* Roboto-Black.ttf in Resources */ = {isa = PBXBuildFile; fileRef = C577F5972C205A9D0074C587 /* Roboto-Black.ttf */; };
		C577F5A72C2065D70074C587 /* VerticalStackView.swift in Sources */ = {isa = PBXBuildFile; fileRef = C577F5A62C2065D70074C587 /* VerticalStackView.swift */; };
		C577F5A92C20663B0074C587 /* UIView + Extensions.swift in Sources */ = {isa = PBXBuildFile; fileRef = C577F5A82C20663B0074C587 /* UIView + Extensions.swift */; };
		C577F5AB2C2068170074C587 /* UILabel + Extensions.swift in Sources */ = {isa = PBXBuildFile; fileRef = C577F5AA2C2068170074C587 /* UILabel + Extensions.swift */; };
		C577F5B02C20735C0074C587 /* CustomTextField.swift in Sources */ = {isa = PBXBuildFile; fileRef = C577F5AF2C20735C0074C587 /* CustomTextField.swift */; };
		C577F5B22C2073AB0074C587 /* UITextField + Extensions.swift in Sources */ = {isa = PBXBuildFile; fileRef = C577F5B12C2073AB0074C587 /* UITextField + Extensions.swift */; };
		C577F5B42C207B990074C587 /* UITapGesture + Util.swift in Sources */ = {isa = PBXBuildFile; fileRef = C577F5B32C207B990074C587 /* UITapGesture + Util.swift */; };
		C577F5B62C207DD20074C587 /* CAPasswordField.swift in Sources */ = {isa = PBXBuildFile; fileRef = C577F5B52C207DD20074C587 /* CAPasswordField.swift */; };
		C577F5B82C207EBC0074C587 /* String + Extensions.swift in Sources */ = {isa = PBXBuildFile; fileRef = C577F5B72C207EBC0074C587 /* String + Extensions.swift */; };
		C577F5BC2C2089380074C587 /* UIButton + Extension.swift in Sources */ = {isa = PBXBuildFile; fileRef = C577F5BB2C2089380074C587 /* UIButton + Extension.swift */; };
		C577F5BE2C208FD50074C587 /* StaticCheckBoxWith Title.swift in Sources */ = {isa = PBXBuildFile; fileRef = C577F5BD2C208FD50074C587 /* StaticCheckBoxWith Title.swift */; };
		C577F5C02C20C9B90074C587 /* UIImageView + Extensions.swift in Sources */ = {isa = PBXBuildFile; fileRef = C577F5BF2C20C9B90074C587 /* UIImageView + Extensions.swift */; };
		C577F5C42C20D1240074C587 /* MedsModel.swift in Sources */ = {isa = PBXBuildFile; fileRef = C577F5C32C20D1240074C587 /* MedsModel.swift */; };
		C577F5C62C20D1620074C587 /* HomeScreenViewModel.swift in Sources */ = {isa = PBXBuildFile; fileRef = C577F5C52C20D1620074C587 /* HomeScreenViewModel.swift */; };
		C577F5C92C20D5BB0074C587 /* MedicationTableViewCell.swift in Sources */ = {isa = PBXBuildFile; fileRef = C577F5C82C20D5BB0074C587 /* MedicationTableViewCell.swift */; };
		C577F5CC2C21C7B00074C587 /* NetworkService.swift in Sources */ = {isa = PBXBuildFile; fileRef = C577F5CB2C21C7B00074C587 /* NetworkService.swift */; };
		C577F5CE2C21C9450074C587 /* LoginRequest.swift in Sources */ = {isa = PBXBuildFile; fileRef = C577F5CD2C21C9450074C587 /* LoginRequest.swift */; };
		C577F5D12C21EC850074C587 /* LoginResponse.swift in Sources */ = {isa = PBXBuildFile; fileRef = C577F5D02C21EC850074C587 /* LoginResponse.swift */; };
		C577F5D32C21F25F0074C587 /* AlertHelper.swift in Sources */ = {isa = PBXBuildFile; fileRef = C577F5D22C21F25F0074C587 /* AlertHelper.swift */; };
		C577F5D52C21FC050074C587 /* LoginViewModel.swift in Sources */ = {isa = PBXBuildFile; fileRef = C577F5D42C21FC050074C587 /* LoginViewModel.swift */; };
/* End PBXBuildFile section */

/* Begin PBXFileReference section */
		C577F5652C20347A0074C587 /* Care_App.app */ = {isa = PBXFileReference; explicitFileType = wrapper.application; includeInIndex = 0; path = Care_App.app; sourceTree = BUILT_PRODUCTS_DIR; };
		C577F5682C20347A0074C587 /* AppDelegate.swift */ = {isa = PBXFileReference; lastKnownFileType = sourcecode.swift; path = AppDelegate.swift; sourceTree = "<group>"; };
		C577F56A2C20347A0074C587 /* SceneDelegate.swift */ = {isa = PBXFileReference; lastKnownFileType = sourcecode.swift; path = SceneDelegate.swift; sourceTree = "<group>"; };
		C577F56C2C20347A0074C587 /* HomeViewController.swift */ = {isa = PBXFileReference; lastKnownFileType = sourcecode.swift; path = HomeViewController.swift; sourceTree = "<group>"; };
		C577F5712C20347C0074C587 /* Assets.xcassets */ = {isa = PBXFileReference; lastKnownFileType = folder.assetcatalog; path = Assets.xcassets; sourceTree = "<group>"; };
		C577F5742C20347C0074C587 /* Base */ = {isa = PBXFileReference; lastKnownFileType = file.storyboard; name = Base; path = Base.lproj/LaunchScreen.storyboard; sourceTree = "<group>"; };
		C577F5762C20347C0074C587 /* Info.plist */ = {isa = PBXFileReference; lastKnownFileType = text.plist.xml; path = Info.plist; sourceTree = "<group>"; };
		C577F57D2C203F670074C587 /* Constants.swift */ = {isa = PBXFileReference; lastKnownFileType = sourcecode.swift; path = Constants.swift; sourceTree = "<group>"; };
		C577F5812C2042EB0074C587 /* LoginViewController.swift */ = {isa = PBXFileReference; lastKnownFileType = sourcecode.swift; path = LoginViewController.swift; sourceTree = "<group>"; };
		C577F5832C2051CC0074C587 /* SearchViewController.swift */ = {isa = PBXFileReference; lastKnownFileType = sourcecode.swift; path = SearchViewController.swift; sourceTree = "<group>"; };
		C577F5852C2051E70074C587 /* AccountViewController.swift */ = {isa = PBXFileReference; lastKnownFileType = sourcecode.swift; path = AccountViewController.swift; sourceTree = "<group>"; };
		C577F5882C2053EF0074C587 /* TabBarController.swift */ = {isa = PBXFileReference; lastKnownFileType = sourcecode.swift; path = TabBarController.swift; sourceTree = "<group>"; };
		C577F58B2C205A9D0074C587 /* Roboto-Medium.ttf */ = {isa = PBXFileReference; lastKnownFileType = file; path = "Roboto-Medium.ttf"; sourceTree = "<group>"; };
		C577F58C2C205A9D0074C587 /* Roboto-Light.ttf */ = {isa = PBXFileReference; lastKnownFileType = file; path = "Roboto-Light.ttf"; sourceTree = "<group>"; };
		C577F58D2C205A9D0074C587 /* Roboto-Regular.ttf */ = {isa = PBXFileReference; lastKnownFileType = file; path = "Roboto-Regular.ttf"; sourceTree = "<group>"; };
		C577F58E2C205A9D0074C587 /* Roboto-MediumItalic.ttf */ = {isa = PBXFileReference; lastKnownFileType = file; path = "Roboto-MediumItalic.ttf"; sourceTree = "<group>"; };
		C577F58F2C205A9D0074C587 /* Roboto-ThinItalic.ttf */ = {isa = PBXFileReference; lastKnownFileType = file; path = "Roboto-ThinItalic.ttf"; sourceTree = "<group>"; };
		C577F5902C205A9D0074C587 /* Roboto-BoldItalic.ttf */ = {isa = PBXFileReference; lastKnownFileType = file; path = "Roboto-BoldItalic.ttf"; sourceTree = "<group>"; };
		C577F5912C205A9D0074C587 /* Roboto-LightItalic.ttf */ = {isa = PBXFileReference; lastKnownFileType = file; path = "Roboto-LightItalic.ttf"; sourceTree = "<group>"; };
		C577F5922C205A9D0074C587 /* Roboto-Italic.ttf */ = {isa = PBXFileReference; lastKnownFileType = file; path = "Roboto-Italic.ttf"; sourceTree = "<group>"; };
		C577F5932C205A9D0074C587 /* LICENSE.txt */ = {isa = PBXFileReference; fileEncoding = 4; lastKnownFileType = text; path = LICENSE.txt; sourceTree = "<group>"; };
		C577F5942C205A9D0074C587 /* Roboto-BlackItalic.ttf */ = {isa = PBXFileReference; lastKnownFileType = file; path = "Roboto-BlackItalic.ttf"; sourceTree = "<group>"; };
		C577F5952C205A9D0074C587 /* Roboto-Bold.ttf */ = {isa = PBXFileReference; lastKnownFileType = file; path = "Roboto-Bold.ttf"; sourceTree = "<group>"; };
		C577F5962C205A9D0074C587 /* Roboto-Thin.ttf */ = {isa = PBXFileReference; lastKnownFileType = file; path = "Roboto-Thin.ttf"; sourceTree = "<group>"; };
		C577F5972C205A9D0074C587 /* Roboto-Black.ttf */ = {isa = PBXFileReference; lastKnownFileType = file; path = "Roboto-Black.ttf"; sourceTree = "<group>"; };
		C577F5A62C2065D70074C587 /* VerticalStackView.swift */ = {isa = PBXFileReference; lastKnownFileType = sourcecode.swift; path = VerticalStackView.swift; sourceTree = "<group>"; };
		C577F5A82C20663B0074C587 /* UIView + Extensions.swift */ = {isa = PBXFileReference; lastKnownFileType = sourcecode.swift; path = "UIView + Extensions.swift"; sourceTree = "<group>"; };
		C577F5AA2C2068170074C587 /* UILabel + Extensions.swift */ = {isa = PBXFileReference; lastKnownFileType = sourcecode.swift; path = "UILabel + Extensions.swift"; sourceTree = "<group>"; };
		C577F5AF2C20735C0074C587 /* CustomTextField.swift */ = {isa = PBXFileReference; lastKnownFileType = sourcecode.swift; path = CustomTextField.swift; sourceTree = "<group>"; };
		C577F5B12C2073AB0074C587 /* UITextField + Extensions.swift */ = {isa = PBXFileReference; lastKnownFileType = sourcecode.swift; path = "UITextField + Extensions.swift"; sourceTree = "<group>"; };
		C577F5B32C207B990074C587 /* UITapGesture + Util.swift */ = {isa = PBXFileReference; lastKnownFileType = sourcecode.swift; path = "UITapGesture + Util.swift"; sourceTree = "<group>"; };
		C577F5B52C207DD20074C587 /* CAPasswordField.swift */ = {isa = PBXFileReference; lastKnownFileType = sourcecode.swift; path = CAPasswordField.swift; sourceTree = "<group>"; };
		C577F5B72C207EBC0074C587 /* String + Extensions.swift */ = {isa = PBXFileReference; lastKnownFileType = sourcecode.swift; path = "String + Extensions.swift"; sourceTree = "<group>"; };
		C577F5BB2C2089380074C587 /* UIButton + Extension.swift */ = {isa = PBXFileReference; lastKnownFileType = sourcecode.swift; path = "UIButton + Extension.swift"; sourceTree = "<group>"; };
		C577F5BD2C208FD50074C587 /* StaticCheckBoxWith Title.swift */ = {isa = PBXFileReference; lastKnownFileType = sourcecode.swift; path = "StaticCheckBoxWith Title.swift"; sourceTree = "<group>"; };
		C577F5BF2C20C9B90074C587 /* UIImageView + Extensions.swift */ = {isa = PBXFileReference; lastKnownFileType = sourcecode.swift; path = "UIImageView + Extensions.swift"; sourceTree = "<group>"; };
		C577F5C32C20D1240074C587 /* MedsModel.swift */ = {isa = PBXFileReference; lastKnownFileType = sourcecode.swift; path = MedsModel.swift; sourceTree = "<group>"; };
		C577F5C52C20D1620074C587 /* HomeScreenViewModel.swift */ = {isa = PBXFileReference; lastKnownFileType = sourcecode.swift; path = HomeScreenViewModel.swift; sourceTree = "<group>"; };
		C577F5C82C20D5BB0074C587 /* MedicationTableViewCell.swift */ = {isa = PBXFileReference; lastKnownFileType = sourcecode.swift; path = MedicationTableViewCell.swift; sourceTree = "<group>"; };
		C577F5CB2C21C7B00074C587 /* NetworkService.swift */ = {isa = PBXFileReference; lastKnownFileType = sourcecode.swift; path = NetworkService.swift; sourceTree = "<group>"; };
		C577F5CD2C21C9450074C587 /* LoginRequest.swift */ = {isa = PBXFileReference; lastKnownFileType = sourcecode.swift; path = LoginRequest.swift; sourceTree = "<group>"; };
		C577F5D02C21EC850074C587 /* LoginResponse.swift */ = {isa = PBXFileReference; lastKnownFileType = sourcecode.swift; path = LoginResponse.swift; sourceTree = "<group>"; };
		C577F5D22C21F25F0074C587 /* AlertHelper.swift */ = {isa = PBXFileReference; lastKnownFileType = sourcecode.swift; path = AlertHelper.swift; sourceTree = "<group>"; };
		C577F5D42C21FC050074C587 /* LoginViewModel.swift */ = {isa = PBXFileReference; lastKnownFileType = sourcecode.swift; path = LoginViewModel.swift; sourceTree = "<group>"; };
/* End PBXFileReference section */

/* Begin PBXFrameworksBuildPhase section */
		C577F5622C20347A0074C587 /* Frameworks */ = {
			isa = PBXFrameworksBuildPhase;
			buildActionMask = 2147483647;
			files = (
			);
			runOnlyForDeploymentPostprocessing = 0;
		};
/* End PBXFrameworksBuildPhase section */

/* Begin PBXGroup section */
		C577F55C2C20347A0074C587 = {
			isa = PBXGroup;
			children = (
				C577F5672C20347A0074C587 /* Care_App */,
				C577F5662C20347A0074C587 /* Products */,
			);
			sourceTree = "<group>";
		};
		C577F5662C20347A0074C587 /* Products */ = {
			isa = PBXGroup;
			children = (
				C577F5652C20347A0074C587 /* Care_App.app */,
			);
			name = Products;
			sourceTree = "<group>";
		};
		C577F5672C20347A0074C587 /* Care_App */ = {
			isa = PBXGroup;
			children = (
				C577F5CF2C21EC720074C587 /* Response */,
				C577F5CA2C21C7900074C587 /* NetworkManager */,
				C577F5AC2C2072EC0074C587 /* Reusables */,
				C577F5A52C2065C50074C587 /* Helpers */,
				C577F5C72C20D5890074C587 /* Cell */,
				C577F5872C2051F60074C587 /* Views */,
				C577F5C22C20D1060074C587 /* ViewModel */,
				C577F5C12C20D0F50074C587 /* Model */,
				C577F58A2C205A9D0074C587 /* Roboto */,
				C577F57C2C203F3E0074C587 /* Constants */,
				C577F5682C20347A0074C587 /* AppDelegate.swift */,
				C577F56A2C20347A0074C587 /* SceneDelegate.swift */,
				C577F5712C20347C0074C587 /* Assets.xcassets */,
				C577F5732C20347C0074C587 /* LaunchScreen.storyboard */,
				C577F5762C20347C0074C587 /* Info.plist */,
			);
			path = Care_App;
			sourceTree = "<group>";
		};
		C577F57C2C203F3E0074C587 /* Constants */ = {
			isa = PBXGroup;
			children = (
				C577F57D2C203F670074C587 /* Constants.swift */,
			);
			path = Constants;
			sourceTree = "<group>";
		};
		C577F5872C2051F60074C587 /* Views */ = {
			isa = PBXGroup;
			children = (
				C577F56C2C20347A0074C587 /* HomeViewController.swift */,
				C577F5882C2053EF0074C587 /* TabBarController.swift */,
				C577F5832C2051CC0074C587 /* SearchViewController.swift */,
				C577F5852C2051E70074C587 /* AccountViewController.swift */,
				C577F5812C2042EB0074C587 /* LoginViewController.swift */,
			);
			path = Views;
			sourceTree = "<group>";
		};
		C577F58A2C205A9D0074C587 /* Roboto */ = {
			isa = PBXGroup;
			children = (
				C577F58B2C205A9D0074C587 /* Roboto-Medium.ttf */,
				C577F58C2C205A9D0074C587 /* Roboto-Light.ttf */,
				C577F58D2C205A9D0074C587 /* Roboto-Regular.ttf */,
				C577F58E2C205A9D0074C587 /* Roboto-MediumItalic.ttf */,
				C577F58F2C205A9D0074C587 /* Roboto-ThinItalic.ttf */,
				C577F5902C205A9D0074C587 /* Roboto-BoldItalic.ttf */,
				C577F5912C205A9D0074C587 /* Roboto-LightItalic.ttf */,
				C577F5922C205A9D0074C587 /* Roboto-Italic.ttf */,
				C577F5932C205A9D0074C587 /* LICENSE.txt */,
				C577F5942C205A9D0074C587 /* Roboto-BlackItalic.ttf */,
				C577F5952C205A9D0074C587 /* Roboto-Bold.ttf */,
				C577F5962C205A9D0074C587 /* Roboto-Thin.ttf */,
				C577F5972C205A9D0074C587 /* Roboto-Black.ttf */,
			);
			path = Roboto;
			sourceTree = "<group>";
		};
		C577F5A52C2065C50074C587 /* Helpers */ = {
			isa = PBXGroup;
			children = (
				C577F5A62C2065D70074C587 /* VerticalStackView.swift */,
				C577F5A82C20663B0074C587 /* UIView + Extensions.swift */,
				C577F5AA2C2068170074C587 /* UILabel + Extensions.swift */,
				C577F5B12C2073AB0074C587 /* UITextField + Extensions.swift */,
				C577F5B32C207B990074C587 /* UITapGesture + Util.swift */,
				C577F5B72C207EBC0074C587 /* String + Extensions.swift */,
				C577F5BB2C2089380074C587 /* UIButton + Extension.swift */,
				C577F5BF2C20C9B90074C587 /* UIImageView + Extensions.swift */,
				C577F5D22C21F25F0074C587 /* AlertHelper.swift */,
			);
			path = Helpers;
			sourceTree = "<group>";
		};
		C577F5AC2C2072EC0074C587 /* Reusables */ = {
			isa = PBXGroup;
			children = (
				C577F5B52C207DD20074C587 /* CAPasswordField.swift */,
				C577F5AF2C20735C0074C587 /* CustomTextField.swift */,
				C577F5BD2C208FD50074C587 /* StaticCheckBoxWith Title.swift */,
			);
			path = Reusables;
			sourceTree = "<group>";
		};
		C577F5C12C20D0F50074C587 /* Model */ = {
			isa = PBXGroup;
			children = (
				C577F5C32C20D1240074C587 /* MedsModel.swift */,
				C577F5CD2C21C9450074C587 /* LoginRequest.swift */,
			);
			path = Model;
			sourceTree = "<group>";
		};
		C577F5C22C20D1060074C587 /* ViewModel */ = {
			isa = PBXGroup;
			children = (
				C577F5C52C20D1620074C587 /* HomeScreenViewModel.swift */,
				C577F5D42C21FC050074C587 /* LoginViewModel.swift */,
			);
			path = ViewModel;
			sourceTree = "<group>";
		};
		C577F5C72C20D5890074C587 /* Cell */ = {
			isa = PBXGroup;
			children = (
				C577F5C82C20D5BB0074C587 /* MedicationTableViewCell.swift */,
			);
			path = Cell;
			sourceTree = "<group>";
		};
		C577F5CA2C21C7900074C587 /* NetworkManager */ = {
			isa = PBXGroup;
			children = (
				C577F5CB2C21C7B00074C587 /* NetworkService.swift */,
			);
			path = NetworkManager;
			sourceTree = "<group>";
		};
		C577F5CF2C21EC720074C587 /* Response */ = {
			isa = PBXGroup;
			children = (
				C577F5D02C21EC850074C587 /* LoginResponse.swift */,
			);
			path = Response;
			sourceTree = "<group>";
		};
/* End PBXGroup section */

/* Begin PBXNativeTarget section */
		C577F5642C20347A0074C587 /* Care_App */ = {
			isa = PBXNativeTarget;
			buildConfigurationList = C577F5792C20347C0074C587 /* Build configuration list for PBXNativeTarget "Care_App" */;
			buildPhases = (
				C577F5612C20347A0074C587 /* Sources */,
				C577F5622C20347A0074C587 /* Frameworks */,
				C577F5632C20347A0074C587 /* Resources */,
			);
			buildRules = (
			);
			dependencies = (
			);
			name = Care_App;
			productName = Care_App;
			productReference = C577F5652C20347A0074C587 /* Care_App.app */;
			productType = "com.apple.product-type.application";
		};
/* End PBXNativeTarget section */

/* Begin PBXProject section */
		C577F55D2C20347A0074C587 /* Project object */ = {
			isa = PBXProject;
			attributes = {
				BuildIndependentTargetsInParallel = 1;
				LastSwiftUpdateCheck = 1520;
				LastUpgradeCheck = 1520;
				TargetAttributes = {
					C577F5642C20347A0074C587 = {
						CreatedOnToolsVersion = 15.2;
					};
				};
			};
			buildConfigurationList = C577F5602C20347A0074C587 /* Build configuration list for PBXProject "Care_App" */;
			compatibilityVersion = "Xcode 14.0";
			developmentRegion = en;
			hasScannedForEncodings = 0;
			knownRegions = (
				en,
				Base,
			);
			mainGroup = C577F55C2C20347A0074C587;
			productRefGroup = C577F5662C20347A0074C587 /* Products */;
			projectDirPath = "";
			projectRoot = "";
			targets = (
				C577F5642C20347A0074C587 /* Care_App */,
			);
		};
/* End PBXProject section */

/* Begin PBXResourcesBuildPhase section */
		C577F5632C20347A0074C587 /* Resources */ = {
			isa = PBXResourcesBuildPhase;
			buildActionMask = 2147483647;
			files = (
				C577F5A32C205A9D0074C587 /* Roboto-Thin.ttf in Resources */,
				C577F5A02C205A9D0074C587 /* LICENSE.txt in Resources */,
				C577F5A42C205A9D0074C587 /* Roboto-Black.ttf in Resources */,
				C577F5A22C205A9D0074C587 /* Roboto-Bold.ttf in Resources */,
				C577F5752C20347C0074C587 /* LaunchScreen.storyboard in Resources */,
				C577F5722C20347C0074C587 /* Assets.xcassets in Resources */,
				C577F59D2C205A9D0074C587 /* Roboto-BoldItalic.ttf in Resources */,
				C577F59A2C205A9D0074C587 /* Roboto-Regular.ttf in Resources */,
				C577F59C2C205A9D0074C587 /* Roboto-ThinItalic.ttf in Resources */,
				C577F59E2C205A9D0074C587 /* Roboto-LightItalic.ttf in Resources */,
				C577F5A12C205A9D0074C587 /* Roboto-BlackItalic.ttf in Resources */,
				C577F5992C205A9D0074C587 /* Roboto-Light.ttf in Resources */,
				C577F59F2C205A9D0074C587 /* Roboto-Italic.ttf in Resources */,
				C577F59B2C205A9D0074C587 /* Roboto-MediumItalic.ttf in Resources */,
				C577F5982C205A9D0074C587 /* Roboto-Medium.ttf in Resources */,
			);
			runOnlyForDeploymentPostprocessing = 0;
		};
/* End PBXResourcesBuildPhase section */

/* Begin PBXSourcesBuildPhase section */
		C577F5612C20347A0074C587 /* Sources */ = {
			isa = PBXSourcesBuildPhase;
			buildActionMask = 2147483647;
			files = (
				C577F5D32C21F25F0074C587 /* AlertHelper.swift in Sources */,
				C577F5B02C20735C0074C587 /* CustomTextField.swift in Sources */,
				C577F5B82C207EBC0074C587 /* String + Extensions.swift in Sources */,
				C577F5B22C2073AB0074C587 /* UITextField + Extensions.swift in Sources */,
				C577F5BE2C208FD50074C587 /* StaticCheckBoxWith Title.swift in Sources */,
				C577F5C02C20C9B90074C587 /* UIImageView + Extensions.swift in Sources */,
				C577F5A92C20663B0074C587 /* UIView + Extensions.swift in Sources */,
				C577F5AB2C2068170074C587 /* UILabel + Extensions.swift in Sources */,
				C577F5D52C21FC050074C587 /* LoginViewModel.swift in Sources */,
				C577F5BC2C2089380074C587 /* UIButton + Extension.swift in Sources */,
				C577F5B42C207B990074C587 /* UITapGesture + Util.swift in Sources */,
				C577F5842C2051CC0074C587 /* SearchViewController.swift in Sources */,
				C577F5CC2C21C7B00074C587 /* NetworkService.swift in Sources */,
				C577F5A72C2065D70074C587 /* VerticalStackView.swift in Sources */,
				C577F5C62C20D1620074C587 /* HomeScreenViewModel.swift in Sources */,
				C577F5892C2053EF0074C587 /* TabBarController.swift in Sources */,
				C577F5D12C21EC850074C587 /* LoginResponse.swift in Sources */,
				C577F56D2C20347A0074C587 /* HomeViewController.swift in Sources */,
				C577F5862C2051E70074C587 /* AccountViewController.swift in Sources */,
				C577F5692C20347A0074C587 /* AppDelegate.swift in Sources */,
				C577F5B62C207DD20074C587 /* CAPasswordField.swift in Sources */,
				C577F5CE2C21C9450074C587 /* LoginRequest.swift in Sources */,
				C577F56B2C20347A0074C587 /* SceneDelegate.swift in Sources */,
				C577F5C92C20D5BB0074C587 /* MedicationTableViewCell.swift in Sources */,
				C577F5822C2042EB0074C587 /* LoginViewController.swift in Sources */,
				C577F57E2C203F670074C587 /* Constants.swift in Sources */,
				C577F5C42C20D1240074C587 /* MedsModel.swift in Sources */,
			);
			runOnlyForDeploymentPostprocessing = 0;
		};
/* End PBXSourcesBuildPhase section */

/* Begin PBXVariantGroup section */
		C577F5732C20347C0074C587 /* LaunchScreen.storyboard */ = {
			isa = PBXVariantGroup;
			children = (
				C577F5742C20347C0074C587 /* Base */,
			);
			name = LaunchScreen.storyboard;
			sourceTree = "<group>";
		};
/* End PBXVariantGroup section */

/* Begin XCBuildConfiguration section */
		C577F5772C20347C0074C587 /* Debug */ = {
			isa = XCBuildConfiguration;
			buildSettings = {
				ALWAYS_SEARCH_USER_PATHS = NO;
				ASSETCATALOG_COMPILER_GENERATE_SWIFT_ASSET_SYMBOL_EXTENSIONS = YES;
				CLANG_ANALYZER_NONNULL = YES;
				CLANG_ANALYZER_NUMBER_OBJECT_CONVERSION = YES_AGGRESSIVE;
				CLANG_CXX_LANGUAGE_STANDARD = "gnu++20";
				CLANG_ENABLE_MODULES = YES;
				CLANG_ENABLE_OBJC_ARC = YES;
				CLANG_ENABLE_OBJC_WEAK = YES;
				CLANG_WARN_BLOCK_CAPTURE_AUTORELEASING = YES;
				CLANG_WARN_BOOL_CONVERSION = YES;
				CLANG_WARN_COMMA = YES;
				CLANG_WARN_CONSTANT_CONVERSION = YES;
				CLANG_WARN_DEPRECATED_OBJC_IMPLEMENTATIONS = YES;
				CLANG_WARN_DIRECT_OBJC_ISA_USAGE = YES_ERROR;
				CLANG_WARN_DOCUMENTATION_COMMENTS = YES;
				CLANG_WARN_EMPTY_BODY = YES;
				CLANG_WARN_ENUM_CONVERSION = YES;
				CLANG_WARN_INFINITE_RECURSION = YES;
				CLANG_WARN_INT_CONVERSION = YES;
				CLANG_WARN_NON_LITERAL_NULL_CONVERSION = YES;
				CLANG_WARN_OBJC_IMPLICIT_RETAIN_SELF = YES;
				CLANG_WARN_OBJC_LITERAL_CONVERSION = YES;
				CLANG_WARN_OBJC_ROOT_CLASS = YES_ERROR;
				CLANG_WARN_QUOTED_INCLUDE_IN_FRAMEWORK_HEADER = YES;
				CLANG_WARN_RANGE_LOOP_ANALYSIS = YES;
				CLANG_WARN_STRICT_PROTOTYPES = YES;
				CLANG_WARN_SUSPICIOUS_MOVE = YES;
				CLANG_WARN_UNGUARDED_AVAILABILITY = YES_AGGRESSIVE;
				CLANG_WARN_UNREACHABLE_CODE = YES;
				CLANG_WARN__DUPLICATE_METHOD_MATCH = YES;
				COPY_PHASE_STRIP = NO;
				DEBUG_INFORMATION_FORMAT = dwarf;
				ENABLE_STRICT_OBJC_MSGSEND = YES;
				ENABLE_TESTABILITY = YES;
				ENABLE_USER_SCRIPT_SANDBOXING = YES;
				GCC_C_LANGUAGE_STANDARD = gnu17;
				GCC_DYNAMIC_NO_PIC = NO;
				GCC_NO_COMMON_BLOCKS = YES;
				GCC_OPTIMIZATION_LEVEL = 0;
				GCC_PREPROCESSOR_DEFINITIONS = (
					"DEBUG=1",
					"$(inherited)",
				);
				GCC_WARN_64_TO_32_BIT_CONVERSION = YES;
				GCC_WARN_ABOUT_RETURN_TYPE = YES_ERROR;
				GCC_WARN_UNDECLARED_SELECTOR = YES;
				GCC_WARN_UNINITIALIZED_AUTOS = YES_AGGRESSIVE;
				GCC_WARN_UNUSED_FUNCTION = YES;
				GCC_WARN_UNUSED_VARIABLE = YES;
				IPHONEOS_DEPLOYMENT_TARGET = 17.2;
				LOCALIZATION_PREFERS_STRING_CATALOGS = YES;
				MTL_ENABLE_DEBUG_INFO = INCLUDE_SOURCE;
				MTL_FAST_MATH = YES;
				ONLY_ACTIVE_ARCH = YES;
				SDKROOT = iphoneos;
				SWIFT_ACTIVE_COMPILATION_CONDITIONS = "DEBUG $(inherited)";
				SWIFT_OPTIMIZATION_LEVEL = "-Onone";
			};
			name = Debug;
		};
		C577F5782C20347C0074C587 /* Release */ = {
			isa = XCBuildConfiguration;
			buildSettings = {
				ALWAYS_SEARCH_USER_PATHS = NO;
				ASSETCATALOG_COMPILER_GENERATE_SWIFT_ASSET_SYMBOL_EXTENSIONS = YES;
				CLANG_ANALYZER_NONNULL = YES;
				CLANG_ANALYZER_NUMBER_OBJECT_CONVERSION = YES_AGGRESSIVE;
				CLANG_CXX_LANGUAGE_STANDARD = "gnu++20";
				CLANG_ENABLE_MODULES = YES;
				CLANG_ENABLE_OBJC_ARC = YES;
				CLANG_ENABLE_OBJC_WEAK = YES;
				CLANG_WARN_BLOCK_CAPTURE_AUTORELEASING = YES;
				CLANG_WARN_BOOL_CONVERSION = YES;
				CLANG_WARN_COMMA = YES;
				CLANG_WARN_CONSTANT_CONVERSION = YES;
				CLANG_WARN_DEPRECATED_OBJC_IMPLEMENTATIONS = YES;
				CLANG_WARN_DIRECT_OBJC_ISA_USAGE = YES_ERROR;
				CLANG_WARN_DOCUMENTATION_COMMENTS = YES;
				CLANG_WARN_EMPTY_BODY = YES;
				CLANG_WARN_ENUM_CONVERSION = YES;
				CLANG_WARN_INFINITE_RECURSION = YES;
				CLANG_WARN_INT_CONVERSION = YES;
				CLANG_WARN_NON_LITERAL_NULL_CONVERSION = YES;
				CLANG_WARN_OBJC_IMPLICIT_RETAIN_SELF = YES;
				CLANG_WARN_OBJC_LITERAL_CONVERSION = YES;
				CLANG_WARN_OBJC_ROOT_CLASS = YES_ERROR;
				CLANG_WARN_QUOTED_INCLUDE_IN_FRAMEWORK_HEADER = YES;
				CLANG_WARN_RANGE_LOOP_ANALYSIS = YES;
				CLANG_WARN_STRICT_PROTOTYPES = YES;
				CLANG_WARN_SUSPICIOUS_MOVE = YES;
				CLANG_WARN_UNGUARDED_AVAILABILITY = YES_AGGRESSIVE;
				CLANG_WARN_UNREACHABLE_CODE = YES;
				CLANG_WARN__DUPLICATE_METHOD_MATCH = YES;
				COPY_PHASE_STRIP = NO;
				DEBUG_INFORMATION_FORMAT = "dwarf-with-dsym";
				ENABLE_NS_ASSERTIONS = NO;
				ENABLE_STRICT_OBJC_MSGSEND = YES;
				ENABLE_USER_SCRIPT_SANDBOXING = YES;
				GCC_C_LANGUAGE_STANDARD = gnu17;
				GCC_NO_COMMON_BLOCKS = YES;
				GCC_WARN_64_TO_32_BIT_CONVERSION = YES;
				GCC_WARN_ABOUT_RETURN_TYPE = YES_ERROR;
				GCC_WARN_UNDECLARED_SELECTOR = YES;
				GCC_WARN_UNINITIALIZED_AUTOS = YES_AGGRESSIVE;
				GCC_WARN_UNUSED_FUNCTION = YES;
				GCC_WARN_UNUSED_VARIABLE = YES;
				IPHONEOS_DEPLOYMENT_TARGET = 17.2;
				LOCALIZATION_PREFERS_STRING_CATALOGS = YES;
				MTL_ENABLE_DEBUG_INFO = NO;
				MTL_FAST_MATH = YES;
				SDKROOT = iphoneos;
				SWIFT_COMPILATION_MODE = wholemodule;
				VALIDATE_PRODUCT = YES;
			};
			name = Release;
		};
		C577F57A2C20347C0074C587 /* Debug */ = {
			isa = XCBuildConfiguration;
			buildSettings = {
				ASSETCATALOG_COMPILER_APPICON_NAME = AppIcon;
				ASSETCATALOG_COMPILER_GLOBAL_ACCENT_COLOR_NAME = AccentColor;
				CODE_SIGN_STYLE = Automatic;
				CURRENT_PROJECT_VERSION = 1;
				GENERATE_INFOPLIST_FILE = YES;
				INFOPLIST_FILE = Care_App/Info.plist;
				INFOPLIST_KEY_UIApplicationSupportsIndirectInputEvents = YES;
				INFOPLIST_KEY_UILaunchStoryboardName = LaunchScreen;
				INFOPLIST_KEY_UISupportedInterfaceOrientations_iPad = "UIInterfaceOrientationPortrait UIInterfaceOrientationPortraitUpsideDown UIInterfaceOrientationLandscapeLeft UIInterfaceOrientationLandscapeRight";
				INFOPLIST_KEY_UISupportedInterfaceOrientations_iPhone = "UIInterfaceOrientationPortrait UIInterfaceOrientationLandscapeLeft UIInterfaceOrientationLandscapeRight";
				LD_RUNPATH_SEARCH_PATHS = (
					"$(inherited)",
					"@executable_path/Frameworks",
				);
				MARKETING_VERSION = 1.0;
				PRODUCT_BUNDLE_IDENTIFIER = "brightSummit.com.Care-App";
				PRODUCT_NAME = "$(TARGET_NAME)";
				SWIFT_EMIT_LOC_STRINGS = YES;
				SWIFT_VERSION = 5.0;
				TARGETED_DEVICE_FAMILY = "1,2";
			};
			name = Debug;
		};
		C577F57B2C20347C0074C587 /* Release */ = {
			isa = XCBuildConfiguration;
			buildSettings = {
				ASSETCATALOG_COMPILER_APPICON_NAME = AppIcon;
				ASSETCATALOG_COMPILER_GLOBAL_ACCENT_COLOR_NAME = AccentColor;
				CODE_SIGN_STYLE = Automatic;
				CURRENT_PROJECT_VERSION = 1;
				GENERATE_INFOPLIST_FILE = YES;
				INFOPLIST_FILE = Care_App/Info.plist;
				INFOPLIST_KEY_UIApplicationSupportsIndirectInputEvents = YES;
				INFOPLIST_KEY_UILaunchStoryboardName = LaunchScreen;
				INFOPLIST_KEY_UISupportedInterfaceOrientations_iPad = "UIInterfaceOrientationPortrait UIInterfaceOrientationPortraitUpsideDown UIInterfaceOrientationLandscapeLeft UIInterfaceOrientationLandscapeRight";
				INFOPLIST_KEY_UISupportedInterfaceOrientations_iPhone = "UIInterfaceOrientationPortrait UIInterfaceOrientationLandscapeLeft UIInterfaceOrientationLandscapeRight";
				LD_RUNPATH_SEARCH_PATHS = (
					"$(inherited)",
					"@executable_path/Frameworks",
				);
				MARKETING_VERSION = 1.0;
				PRODUCT_BUNDLE_IDENTIFIER = "brightSummit.com.Care-App";
				PRODUCT_NAME = "$(TARGET_NAME)";
				SWIFT_EMIT_LOC_STRINGS = YES;
				SWIFT_VERSION = 5.0;
				TARGETED_DEVICE_FAMILY = "1,2";
			};
			name = Release;
		};
/* End XCBuildConfiguration section */

/* Begin XCConfigurationList section */
		C577F5602C20347A0074C587 /* Build configuration list for PBXProject "Care_App" */ = {
			isa = XCConfigurationList;
			buildConfigurations = (
				C577F5772C20347C0074C587 /* Debug */,
				C577F5782C20347C0074C587 /* Release */,
			);
			defaultConfigurationIsVisible = 0;
			defaultConfigurationName = Release;
		};
		C577F5792C20347C0074C587 /* Build configuration list for PBXNativeTarget "Care_App" */ = {
			isa = XCConfigurationList;
			buildConfigurations = (
				C577F57A2C20347C0074C587 /* Debug */,
				C577F57B2C20347C0074C587 /* Release */,
			);
			defaultConfigurationIsVisible = 0;
			defaultConfigurationName = Release;
		};
/* End XCConfigurationList section */
	};
	rootObject = C577F55D2C20347A0074C587 /* Project object */;
}
